
Microsoft Visual Studio Solution File, Format Version 12.00
# Visual Studio Version 17
VisualStudioVersion = 17.5.2.0
MinimumVisualStudioVersion = 10.0.40219.1
Project("{FAE04EC0-301F-11D3-BF4B-00C04F79EFBC}") = "IntegratingSwagger", "IntegratingSwagger.csproj", "{5F45B4B0-BD59-9081-FCB2-7FEEAB28CE08}"
EndProject
Project("{FAE04EC0-301F-11D3-BF4B-00C04F79EFBC}") = "ApiClient", "..\ApiClient\ApiClient.csproj", "{58FB1B93-D4ED-4F56-9BF4-61B87FFF85B5}"
EndProject
Global
	GlobalSection(SolutionConfigurationPlatforms) = preSolution
		Debug|Any CPU = Debug|Any CPU
		Debug|x64 = Debug|x64
		Debug|x86 = Debug|x86
		Release|Any CPU = Release|Any CPU
		Release|x64 = Release|x64
		Release|x86 = Release|x86
	EndGlobalSection
	GlobalSection(ProjectConfigurationPlatforms) = postSolution
		{5F45B4B0-BD59-9081-FCB2-7FEEAB28CE08}.Debug|Any CPU.ActiveCfg = Debug|Any CPU
		{5F45B4B0-BD59-9081-FCB2-7FEEAB28CE08}.Debug|Any CPU.Build.0 = Debug|Any CPU
		{5F45B4B0-BD59-9081-FCB2-7FEEAB28CE08}.Debug|x64.ActiveCfg = Debug|Any CPU
		{5F45B4B0-BD59-9081-FCB2-7FEEAB28CE08}.Debug|x64.Build.0 = Debug|Any CPU
		{5F45B4B0-BD59-9081-FCB2-7FEEAB28CE08}.Debug|x86.ActiveCfg = Debug|Any CPU
		{5F45B4B0-BD59-9081-FCB2-7FEEAB28CE08}.Debug|x86.Build.0 = Debug|Any CPU
		{5F45B4B0-BD59-9081-FCB2-7FEEAB28CE08}.Release|Any CPU.ActiveCfg = Release|Any CPU
		{5F45B4B0-BD59-9081-FCB2-7FEEAB28CE08}.Release|Any CPU.Build.0 = Release|Any CPU
		{5F45B4B0-BD59-9081-FCB2-7FEEAB28CE08}.Release|x64.ActiveCfg = Release|Any CPU
		{5F45B4B0-BD59-9081-FCB2-7FEEAB28CE08}.Release|x64.Build.0 = Release|Any CPU
		{5F45B4B0-BD59-9081-FCB2-7FEEAB28CE08}.Release|x86.ActiveCfg = Release|Any CPU
		{5F45B4B0-BD59-9081-FCB2-7FEEAB28CE08}.Release|x86.Build.0 = Release|Any CPU
		{58FB1B93-D4ED-4F56-9BF4-61B87FFF85B5}.Debug|Any CPU.ActiveCfg = Debug|Any CPU
		{58FB1B93-D4ED-4F56-9BF4-61B87FFF85B5}.Debug|Any CPU.Build.0 = Debug|Any CPU
		{58FB1B93-D4ED-4F56-9BF4-61B87FFF85B5}.Debug|x64.ActiveCfg = Debug|Any CPU
		{58FB1B93-D4ED-4F56-9BF4-61B87FFF85B5}.Debug|x64.Build.0 = Debug|Any CPU
		{58FB1B93-D4ED-4F56-9BF4-61B87FFF85B5}.Debug|x86.ActiveCfg = Debug|Any CPU
		{58FB1B93-D4ED-4F56-9BF4-61B87FFF85B5}.Debug|x86.Build.0 = Debug|Any CPU
		{58FB1B93-D4ED-4F56-9BF4-61B87FFF85B5}.Release|Any CPU.ActiveCfg = Release|Any CPU
		{58FB1B93-D4ED-4F56-9BF4-61B87FFF85B5}.Release|Any CPU.Build.0 = Release|Any CPU
		{58FB1B93-D4ED-4F56-9BF4-61B87FFF85B5}.Release|x64.ActiveCfg = Release|Any CPU
		{58FB1B93-D4ED-4F56-9BF4-61B87FFF85B5}.Release|x64.Build.0 = Release|Any CPU
		{58FB1B93-D4ED-4F56-9BF4-61B87FFF85B5}.Release|x86.ActiveCfg = Release|Any CPU
		{58FB1B93-D4ED-4F56-9BF4-61B87FFF85B5}.Release|x86.Build.0 = Release|Any CPU
	EndGlobalSection
	GlobalSection(SolutionProperties) = preSolution
		HideSolutionNode = FALSE
	EndGlobalSection
	GlobalSection(ExtensibilityGlobals) = postSolution
		SolutionGuid = {31D0487F-7ECD-4449-9058-B04D7B5B397E}
	EndGlobalSection
EndGlobal
